
Microsoft Visual Studio Solution File, Format Version 12.00
Project("{FAE04EC0-301F-11D3-BF4B-00C04F79EFBC}") = "RayTracingEngine", "RayTracingEngine\RayTracingEngine.csproj", "{9E7661FC-6CE3-4086-8432-4D92F2AF5F98}"
EndProject
Project("{FAE04EC0-301F-11D3-BF4B-00C04F79EFBC}") = "Tests", "Tests\Tests.csproj", "{7B1C2A0E-D0B8-4EE2-9C0A-B0B91C8D515D}"
EndProject
Global
	GlobalSection(SolutionConfigurationPlatforms) = preSolution
		Debug|Any CPU = Debug|Any CPU
		Release|Any CPU = Release|Any CPU
	EndGlobalSection
	GlobalSection(ProjectConfigurationPlatforms) = postSolution
		{9E7661FC-6CE3-4086-8432-4D92F2AF5F98}.Debug|Any CPU.ActiveCfg = Debug|Any CPU
		{9E7661FC-6CE3-4086-8432-4D92F2AF5F98}.Debug|Any CPU.Build.0 = Debug|Any CPU
		{9E7661FC-6CE3-4086-8432-4D92F2AF5F98}.Release|Any CPU.ActiveCfg = Release|Any CPU
		{9E7661FC-6CE3-4086-8432-4D92F2AF5F98}.Release|Any CPU.Build.0 = Release|Any CPU
		{7B1C2A0E-D0B8-4EE2-9C0A-B0B91C8D515D}.Debug|Any CPU.ActiveCfg = Debug|Any CPU
		{7B1C2A0E-D0B8-4EE2-9C0A-B0B91C8D515D}.Debug|Any CPU.Build.0 = Debug|Any CPU
		{7B1C2A0E-D0B8-4EE2-9C0A-B0B91C8D515D}.Release|Any CPU.ActiveCfg = Release|Any CPU
		{7B1C2A0E-D0B8-4EE2-9C0A-B0B91C8D515D}.Release|Any CPU.Build.0 = Release|Any CPU
	EndGlobalSection
EndGlobal
